
Microsoft Visual Studio Solution File, Format Version 12.00
# Visual Studio 15
VisualStudioVersion = 15.0.28010.2019
MinimumVisualStudioVersion = 10.0.40219.1
Project("{FAE04EC0-301F-11D3-BF4B-00C04F79EFBC}") = "SportsStore.Domain", "SportsStore.Domain\SportsStore.Domain.csproj", "{0C54796D-4295-467E-9FC3-18861C4D309E}"
EndProject
Project("{FAE04EC0-301F-11D3-BF4B-00C04F79EFBC}") = "SportsStore.WebUI", "SportsStore.WebUI\SportsStore.WebUI.csproj", "{B4F6B834-7E8E-4439-A7E5-0A18475BDBFD}"
EndProject
Project("{FAE04EC0-301F-11D3-BF4B-00C04F79EFBC}") = "SportsStore.UnitTests", "SportsStore.UnitTests\SportsStore.UnitTests.csproj", "{5F0ACCFA-F06D-4EEC-8ECA-AE7E19C1751D}"
EndProject
Project("{2150E333-8FDC-42A3-9474-1A3956D46DE8}") = "Solution Items", "Solution Items", "{F89E0EA1-3CD4-48F4-B355-B0FCC557F435}"
	ProjectSection(SolutionItems) = preProject
		README.txt = README.txt
	EndProjectSection
EndProject
Global
	GlobalSection(SolutionConfigurationPlatforms) = preSolution
		Debug|Any CPU = Debug|Any CPU
		Release|Any CPU = Release|Any CPU
	EndGlobalSection
	GlobalSection(ProjectConfigurationPlatforms) = postSolution
		{0C54796D-4295-467E-9FC3-18861C4D309E}.Debug|Any CPU.ActiveCfg = Debug|Any CPU
		{0C54796D-4295-467E-9FC3-18861C4D309E}.Debug|Any CPU.Build.0 = Debug|Any CPU
		{0C54796D-4295-467E-9FC3-18861C4D309E}.Release|Any CPU.ActiveCfg = Release|Any CPU
		{0C54796D-4295-467E-9FC3-18861C4D309E}.Release|Any CPU.Build.0 = Release|Any CPU
		{B4F6B834-7E8E-4439-A7E5-0A18475BDBFD}.Debug|Any CPU.ActiveCfg = Debug|Any CPU
		{B4F6B834-7E8E-4439-A7E5-0A18475BDBFD}.Debug|Any CPU.Build.0 = Debug|Any CPU
		{B4F6B834-7E8E-4439-A7E5-0A18475BDBFD}.Release|Any CPU.ActiveCfg = Release|Any CPU
		{B4F6B834-7E8E-4439-A7E5-0A18475BDBFD}.Release|Any CPU.Build.0 = Release|Any CPU
		{5F0ACCFA-F06D-4EEC-8ECA-AE7E19C1751D}.Debug|Any CPU.ActiveCfg = Debug|Any CPU
		{5F0ACCFA-F06D-4EEC-8ECA-AE7E19C1751D}.Debug|Any CPU.Build.0 = Debug|Any CPU
		{5F0ACCFA-F06D-4EEC-8ECA-AE7E19C1751D}.Release|Any CPU.ActiveCfg = Release|Any CPU
		{5F0ACCFA-F06D-4EEC-8ECA-AE7E19C1751D}.Release|Any CPU.Build.0 = Release|Any CPU
	EndGlobalSection
	GlobalSection(SolutionProperties) = preSolution
		HideSolutionNode = FALSE
	EndGlobalSection
	GlobalSection(ExtensibilityGlobals) = postSolution
		SolutionGuid = {186B318F-D4F0-470E-AAF6-11842B44D14C}
	EndGlobalSection
EndGlobal
